
Microsoft Visual Studio Solution File, Format Version 12.00
# Visual Studio Version 17
VisualStudioVersion = 17.11.35327.3
MinimumVisualStudioVersion = 10.0.40219.1
Project("{FAE04EC0-301F-11D3-BF4B-00C04F79EFBC}") = "CPU-Controller", "CPU-Controller\CPU-Controller.csproj", "{36E703A3-DAB0-49AB-BB70-D0B142DF42D5}"
EndProject
Global
	GlobalSection(SolutionConfigurationPlatforms) = preSolution
		Debug|Any CPU = Debug|Any CPU
		Release|Any CPU = Release|Any CPU
	EndGlobalSection
	GlobalSection(ProjectConfigurationPlatforms) = postSolution
		{36E703A3-DAB0-49AB-BB70-D0B142DF42D5}.Debug|Any CPU.ActiveCfg = Debug|Any CPU
		{36E703A3-DAB0-49AB-BB70-D0B142DF42D5}.Debug|Any CPU.Build.0 = Debug|Any CPU
		{36E703A3-DAB0-49AB-BB70-D0B142DF42D5}.Release|Any CPU.ActiveCfg = Release|Any CPU
		{36E703A3-DAB0-49AB-BB70-D0B142DF42D5}.Release|Any CPU.Build.0 = Release|Any CPU
	EndGlobalSection
	GlobalSection(SolutionProperties) = preSolution
		HideSolutionNode = FALSE
	EndGlobalSection
	GlobalSection(ExtensibilityGlobals) = postSolution
		SolutionGuid = {6ABD10BA-E34C-4821-BE08-270C2116F6E4}
	EndGlobalSection
EndGlobal
